{
    "_readme": [
        "This file locks the dependencies of your project to a known state",
        "Read more about it at https://getcomposer.org/doc/01-basic-usage.md#composer-lock-the-lock-file",
        "This file is @generated automatically"
    ],
    "hash": "824c07e737501e6ed5b9e648fb15eefa",
    "packages": [
        {
            "name": "google/apiclient",
            "version": "1.1.3",
            "source": {
                "type": "git",
                "url": "https://github.com/google/google-api-php-client.git",
                "reference": "523430f21a92c54172099d12d0f31d40f3de67e9"
            },
            "dist": {
                "type": "zip",
                "url": "https://api.github.com/repos/google/google-api-php-client/zipball/523430f21a92c54172099d12d0f31d40f3de67e9",
                "reference": "523430f21a92c54172099d12d0f31d40f3de67e9",
                "shasum": ""
            },
            "require": {
                "php": ">=5.2.1"
            },
            "require-dev": {
                "phpunit/phpunit": "3.7.*"
            },
            "type": "library",
            "extra": {
                "branch-alias": {
                    "dev-master": "1.1.x-dev"
                }
            },
            "autoload": {
                "classmap": [
                    "src/"
                ]
            },
            "notification-url": "https://packagist.org/downloads/",
            "license": [
                "Apache-2.0"
            ],
            "description": "Client library for Google APIs",
            "homepage": "http://developers.google.com/api-client-library/php",
            "keywords": [
                "google"
            ],
            "time": "2015-05-17 00:43:01"
        },
        {
            "name": "tomwalder/php-gds",
            "version": "v1.2.0",
            "source": {
                "type": "git",
                "url": "https://github.com/tomwalder/php-gds.git",
                "reference": "6360f7e69fdf7a474de81f89284d456807a176f7"
            },
            "dist": {
                "type": "zip",
                "url": "https://api.github.com/repos/tomwalder/php-gds/zipball/6360f7e69fdf7a474de81f89284d456807a176f7",
                "reference": "6360f7e69fdf7a474de81f89284d456807a176f7",
                "shasum": ""
            },
            "require": {
                "google/apiclient": "1.1.3",
                "php": ">=5.4.0"
            },
            "type": "library",
            "autoload": {
                "classmap": [
                    "src/"
                ]
            },
            "notification-url": "https://packagist.org/downloads/",
            "include-path": [
                "src/"
            ],
            "license": [
                "Apache-2.0"
            ],
            "authors": [
                {
                    "name": "Tom Walder",
                    "email": "tom@docnet.nu"
                }
            ],
            "description": "Google Cloud Datastore Library for PHP",
            "homepage": "https://github.com/tomwalder/php-gds",
            "keywords": [
                "appengine",
                "cloud datastore",
                "datastore",
                "gae",
                "google",
                "nosql"
            ],
            "time": "2015-05-18 11:50:17"
        }
    ],
    "packages-dev": [],
    "aliases": [],
    "minimum-stability": "stable",
    "stability-flags": [],
    "prefer-stable": false,
    "prefer-lowest": false,
    "platform": [],
    "platform-dev": []
}
